
Microsoft Visual Studio Solution File, Format Version 12.00
# Visual Studio Version 17
VisualStudioVersion = 17.2.32210.308
MinimumVisualStudioVersion = 10.0.40219.1
Project("{FAE04EC0-301F-11D3-BF4B-00C04F79EFBC}") = "API", "API\API.csproj", "{608FF532-7256-4DBC-B437-0531350B2B28}"
EndProject
Global
	GlobalSection(SolutionConfigurationPlatforms) = preSolution
		Debug|Any CPU = Debug|Any CPU
		Release|Any CPU = Release|Any CPU
	EndGlobalSection
	GlobalSection(ProjectConfigurationPlatforms) = postSolution
		{608FF532-7256-4DBC-B437-0531350B2B28}.Debug|Any CPU.ActiveCfg = Debug|Any CPU
		{608FF532-7256-4DBC-B437-0531350B2B28}.Debug|Any CPU.Build.0 = Debug|Any CPU
		{608FF532-7256-4DBC-B437-0531350B2B28}.Release|Any CPU.ActiveCfg = Release|Any CPU
		{608FF532-7256-4DBC-B437-0531350B2B28}.Release|Any CPU.Build.0 = Release|Any CPU
	EndGlobalSection
	GlobalSection(SolutionProperties) = preSolution
		HideSolutionNode = FALSE
	EndGlobalSection
	GlobalSection(ExtensibilityGlobals) = postSolution
		SolutionGuid = {8FABD6BD-BED4-475C-A19E-99BD54D7E401}
	EndGlobalSection
EndGlobal
